
Microsoft Visual Studio Solution File, Format Version 12.00
# Visual Studio Version 16
VisualStudioVersion = 16.0.30804.86
MinimumVisualStudioVersion = 10.0.40219.1
Project("{FAE04EC0-301F-11D3-BF4B-00C04F79EFBC}") = "Convert string to camel case", "Convert string to camel case\Convert string to camel case.csproj", "{CA9A846D-4192-4070-AE4B-5F6D26773B3C}"
EndProject
Global
	GlobalSection(SolutionConfigurationPlatforms) = preSolution
		Debug|Any CPU = Debug|Any CPU
		Release|Any CPU = Release|Any CPU
	EndGlobalSection
	GlobalSection(ProjectConfigurationPlatforms) = postSolution
		{CA9A846D-4192-4070-AE4B-5F6D26773B3C}.Debug|Any CPU.ActiveCfg = Debug|Any CPU
		{CA9A846D-4192-4070-AE4B-5F6D26773B3C}.Debug|Any CPU.Build.0 = Debug|Any CPU
		{CA9A846D-4192-4070-AE4B-5F6D26773B3C}.Release|Any CPU.ActiveCfg = Release|Any CPU
		{CA9A846D-4192-4070-AE4B-5F6D26773B3C}.Release|Any CPU.Build.0 = Release|Any CPU
	EndGlobalSection
	GlobalSection(SolutionProperties) = preSolution
		HideSolutionNode = FALSE
	EndGlobalSection
	GlobalSection(ExtensibilityGlobals) = postSolution
		SolutionGuid = {1A3AB30A-C124-44FB-95DA-CF391717F60B}
	EndGlobalSection
EndGlobal
